<?xml version="1.0" encoding="utf-8"?>
<Project ToolsVersion="4.0" xmlns="http://schemas.microsoft.com/developer/msbuild/2003">
  <ItemGroup>
    <Filter Include="Source Files">
      <UniqueIdentifier>{b8873301-cc69-402d-a619-d65ccde4d962}</UniqueIdentifier>
      <Extensions>cpp;c;cxx;rc;def;r;odl;idl;hpj;bat</Extensions>
    </Filter>
    <Filter Include="Header Files">
      <UniqueIdentifier>{0dfc3dce-3efa-40bd-aa52-840377042f56}</UniqueIdentifier>
      <Extensions>h;hpp;hxx;hm;inl</Extensions>
    </Filter>
    <Filter Include="Resource Files">
      <UniqueIdentifier>{db6cdda2-1f15-4397-ac0e-96cc08a94db8}</UniqueIdentifier>
      <Extensions>ico;cur;bmp;dlg;rc2;rct;bin;rgs;gif;jpg;jpeg;jpe</Extensions>
    </Filter>
  </ItemGroup>
  <ItemGroup>
    <ClCompile Include="..\alglib370\cpp\src\alglibinternal.cpp">
      <Filter>Source Files</Filter>
    </ClCompile>
    <ClCompile Include="..\alglib370\cpp\src\alglibmisc.cpp">
      <Filter>Source Files</Filter>
    </ClCompile>
    <ClCompile Include="AnaVision.cpp">
      <Filter>Source Files</Filter>
    </ClCompile>
    <ClCompile Include="AnaVisionDoc.cpp">
      <Filter>Source Files</Filter>
    </ClCompile>
    <ClCompile Include="AnaVisionImageFile.cpp">
      <Filter>Source Files</Filter>
    </ClCompile>
    <ClCompile Include="AnaVisionTif.cpp">
      <Filter>Source Files</Filter>
    </ClCompile>
    <ClCompile Include="AnaVisionView.cpp">
      <Filter>Source Files</Filter>
    </ClCompile>
    <ClCompile Include="..\alglib370\cpp\src\ap.cpp">
      <Filter>Source Files</Filter>
    </ClCompile>
    <ClCompile Include="Button.cpp">
      <Filter>Source Files</Filter>
    </ClCompile>
    <ClCompile Include="..\common\CannyEdge.cpp">
      <Filter>Source Files</Filter>
    </ClCompile>
    <ClCompile Include="..\cdib\cdib.cpp">
      <Filter>Source Files</Filter>
    </ClCompile>
    <ClCompile Include="ChildFrm.cpp">
      <Filter>Source Files</Filter>
    </ClCompile>
    <ClCompile Include="..\common\ConnectedComponent.cpp">
      <Filter>Source Files</Filter>
    </ClCompile>
    <ClCompile Include="DataFile.cpp">
      <Filter>Source Files</Filter>
    </ClCompile>
    <ClCompile Include="..\common\Dcompl.cpp">
      <Filter>Source Files</Filter>
    </ClCompile>
    <ClCompile Include="DiagEdgeDetect.cpp">
      <Filter>Source Files</Filter>
    </ClCompile>
    <ClCompile Include="DiagFillParams.cpp">
      <Filter>Source Files</Filter>
    </ClCompile>
    <ClCompile Include="DiagFitD.cpp">
      <Filter>Source Files</Filter>
    </ClCompile>
    <ClCompile Include="DiagFret.cpp">
      <Filter>Source Files</Filter>
    </ClCompile>
    <ClCompile Include="DiagKinetics.cpp">
      <Filter>Source Files</Filter>
    </ClCompile>
    <ClCompile Include="DiagLinearFit.cpp">
      <Filter>Source Files</Filter>
    </ClCompile>
    <ClCompile Include="DiagMembranePolys.cpp">
      <Filter>Source Files</Filter>
    </ClCompile>
    <ClCompile Include="DiagSelectPoly.cpp">
      <Filter>Source Files</Filter>
    </ClCompile>
    <ClCompile Include="DiagSelectSeriesAndPolygons.cpp">
      <Filter>Source Files</Filter>
    </ClCompile>
    <ClCompile Include="DiagShowGSN.cpp">
      <Filter>Source Files</Filter>
    </ClCompile>
    <ClCompile Include="DiagSimulFit.cpp">
      <Filter>Source Files</Filter>
    </ClCompile>
    <ClCompile Include="..\cdib\dibutil.cpp">
      <Filter>Source Files</Filter>
    </ClCompile>
    <ClCompile Include="..\BufferedDiffusion\Diffusion.cpp">
      <Filter>Source Files</Filter>
    </ClCompile>
    <ClCompile Include="..\common\DrawObject.cpp">
      <Filter>Source Files</Filter>
    </ClCompile>
    <ClCompile Include="GetFramesDiag.cpp">
      <Filter>Source Files</Filter>
    </ClCompile>
    <ClCompile Include="IODiag.cpp">
      <Filter>Source Files</Filter>
    </ClCompile>
    <ClCompile Include="Kinetics.cpp">
      <Filter>Source Files</Filter>
    </ClCompile>
    <ClCompile Include="..\alglib370\cpp\src\linalg.cpp">
      <Filter>Source Files</Filter>
    </ClCompile>
    <ClCompile Include="..\common\ListObject.cpp">
      <Filter>Source Files</Filter>
    </ClCompile>
    <ClCompile Include="MainFrm.cpp">
      <Filter>Source Files</Filter>
    </ClCompile>
    <ClCompile Include="..\common\MTRand.cpp">
      <Filter>Source Files</Filter>
    </ClCompile>
    <ClCompile Include="MyEdit.cpp">
      <Filter>Source Files</Filter>
    </ClCompile>
    <ClCompile Include="..\common\MyPolygon.cpp">
      <Filter>Source Files</Filter>
    </ClCompile>
    <ClCompile Include="..\common\Nrutil.cpp">
      <Filter>Source Files</Filter>
    </ClCompile>
    <ClCompile Include="Params.cpp">
      <Filter>Source Files</Filter>
    </ClCompile>
    <ClCompile Include="ParamsDiag.cpp">
      <Filter>Source Files</Filter>
    </ClCompile>
    <ClCompile Include="Phasor.cpp">
      <Filter>Source Files</Filter>
    </ClCompile>
    <ClCompile Include="RatioDiag.cpp">
      <Filter>Source Files</Filter>
    </ClCompile>
    <ClCompile Include="SimFitThread.cpp">
      <Filter>Source Files</Filter>
    </ClCompile>
    <ClCompile Include="..\common\Simplex.cpp">
      <Filter>Source Files</Filter>
    </ClCompile>
    <ClCompile Include="StdAfx.cpp">
      <Filter>Source Files</Filter>
    </ClCompile>
    <ClCompile Include="Text.cpp">
      <Filter>Source Files</Filter>
    </ClCompile>
    <ClCompile Include="..\common\tinytiffreader.cpp">
      <Filter>Source Files</Filter>
    </ClCompile>
    <ClCompile Include="..\common\tinytiffwriter.cpp">
      <Filter>Source Files</Filter>
    </ClCompile>
    <ClCompile Include="Traces.cpp">
      <Filter>Source Files</Filter>
    </ClCompile>
    <ClCompile Include="Tree.cpp">
      <Filter>Source Files</Filter>
    </ClCompile>
    <ClCompile Include="..\common\utils.cpp">
      <Filter>Source Files</Filter>
    </ClCompile>
    <ClCompile Include="ZoomButton.cpp">
      <Filter>Source Files</Filter>
    </ClCompile>
  </ItemGroup>
  <ItemGroup>
    <ResourceCompile Include="AnaVision.rc">
      <Filter>Source Files</Filter>
    </ResourceCompile>
  </ItemGroup>
  <ItemGroup>
    <ClInclude Include="AnaVision.h">
      <Filter>Header Files</Filter>
    </ClInclude>
    <ClInclude Include="AnaVisionDoc.h">
      <Filter>Header Files</Filter>
    </ClInclude>
    <ClInclude Include="AnaVisionImageFile.h">
      <Filter>Header Files</Filter>
    </ClInclude>
    <ClInclude Include="AnaVisionTif.h">
      <Filter>Header Files</Filter>
    </ClInclude>
    <ClInclude Include="AnaVisionView.h">
      <Filter>Header Files</Filter>
    </ClInclude>
    <ClInclude Include="Button.h">
      <Filter>Header Files</Filter>
    </ClInclude>
    <ClInclude Include="..\common\CannyEdge.h">
      <Filter>Header Files</Filter>
    </ClInclude>
    <ClInclude Include="..\cdib\cdib.h">
      <Filter>Header Files</Filter>
    </ClInclude>
    <ClInclude Include="ChildFrm.h">
      <Filter>Header Files</Filter>
    </ClInclude>
    <ClInclude Include="..\common\ConnectedComponent.h">
      <Filter>Header Files</Filter>
    </ClInclude>
    <ClInclude Include="DataFile.h">
      <Filter>Header Files</Filter>
    </ClInclude>
    <ClInclude Include="..\common\Dcompl.h">
      <Filter>Header Files</Filter>
    </ClInclude>
    <ClInclude Include="DiagEdgeDetect.h">
      <Filter>Header Files</Filter>
    </ClInclude>
    <ClInclude Include="DiagFillParams.h">
      <Filter>Header Files</Filter>
    </ClInclude>
    <ClInclude Include="DiagFitD.h">
      <Filter>Header Files</Filter>
    </ClInclude>
    <ClInclude Include="DiagFret.h">
      <Filter>Header Files</Filter>
    </ClInclude>
    <ClInclude Include="DiagKinetics.h">
      <Filter>Header Files</Filter>
    </ClInclude>
    <ClInclude Include="DiagLinearFit.h">
      <Filter>Header Files</Filter>
    </ClInclude>
    <ClInclude Include="DiagMembranePolys.h">
      <Filter>Header Files</Filter>
    </ClInclude>
    <ClInclude Include="DiagSelectPoly.h">
      <Filter>Header Files</Filter>
    </ClInclude>
    <ClInclude Include="DiagSelectSeriesAndPolygons.h">
      <Filter>Header Files</Filter>
    </ClInclude>
    <ClInclude Include="DiagShowGSN.h">
      <Filter>Header Files</Filter>
    </ClInclude>
    <ClInclude Include="DiagSimulFit.h">
      <Filter>Header Files</Filter>
    </ClInclude>
    <ClInclude Include="..\cdib\dibutil.h">
      <Filter>Header Files</Filter>
    </ClInclude>
    <ClInclude Include="..\BufferedDiffusion\Diffusion.h">
      <Filter>Header Files</Filter>
    </ClInclude>
    <ClInclude Include="..\common\DrawObject.h">
      <Filter>Header Files</Filter>
    </ClInclude>
    <ClInclude Include="GetFramesDiag.h">
      <Filter>Header Files</Filter>
    </ClInclude>
    <ClInclude Include="..\common\IIO.h">
      <Filter>Header Files</Filter>
    </ClInclude>
    <ClInclude Include="..\common\inttypes.h">
      <Filter>Header Files</Filter>
    </ClInclude>
    <ClInclude Include="IODiag.h">
      <Filter>Header Files</Filter>
    </ClInclude>
    <ClInclude Include="Kinetics.h">
      <Filter>Header Files</Filter>
    </ClInclude>
    <ClInclude Include="..\common\ListObject.h">
      <Filter>Header Files</Filter>
    </ClInclude>
    <ClInclude Include="MainFrm.h">
      <Filter>Header Files</Filter>
    </ClInclude>
    <ClInclude Include="MyEdit.h">
      <Filter>Header Files</Filter>
    </ClInclude>
    <ClInclude Include="..\common\MyPolygon.h">
      <Filter>Header Files</Filter>
    </ClInclude>
    <ClInclude Include="..\common\Nrutil.h">
      <Filter>Header Files</Filter>
    </ClInclude>
    <ClInclude Include="Params.h">
      <Filter>Header Files</Filter>
    </ClInclude>
    <ClInclude Include="ParamsDiag.h">
      <Filter>Header Files</Filter>
    </ClInclude>
    <ClInclude Include="phasor.h">
      <Filter>Header Files</Filter>
    </ClInclude>
    <ClInclude Include="RatioDiag.h">
      <Filter>Header Files</Filter>
    </ClInclude>
    <ClInclude Include="Resource.h">
      <Filter>Header Files</Filter>
    </ClInclude>
    <ClInclude Include="SimFitThread.h">
      <Filter>Header Files</Filter>
    </ClInclude>
    <ClInclude Include="..\SimpleImageCore\include\arivis\SimpleImageCore.h">
      <Filter>Header Files</Filter>
    </ClInclude>
    <ClInclude Include="..\SimpleImageCore\include\arivis\SimpleImageStack.h">
      <Filter>Header Files</Filter>
    </ClInclude>
    <ClInclude Include="..\common\Simplex.h">
      <Filter>Header Files</Filter>
    </ClInclude>
    <ClInclude Include="StdAfx.h">
      <Filter>Header Files</Filter>
    </ClInclude>
    <ClInclude Include="Text.h">
      <Filter>Header Files</Filter>
    </ClInclude>
    <ClInclude Include="..\..\GnuWin32\include\tiff.h">
      <Filter>Header Files</Filter>
    </ClInclude>
    <ClInclude Include="..\..\GnuWin32\include\tiffio.h">
      <Filter>Header Files</Filter>
    </ClInclude>
    <ClInclude Include="..\common\tinytiffreader.h">
      <Filter>Header Files</Filter>
    </ClInclude>
    <ClInclude Include="..\common\tinytiffwriter.h">
      <Filter>Header Files</Filter>
    </ClInclude>
    <ClInclude Include="Traces.h">
      <Filter>Header Files</Filter>
    </ClInclude>
    <ClInclude Include="Tree.h">
      <Filter>Header Files</Filter>
    </ClInclude>
    <ClInclude Include="..\common\utils.h">
      <Filter>Header Files</Filter>
    </ClInclude>
    <ClInclude Include="ZoomButton.h">
      <Filter>Header Files</Filter>
    </ClInclude>
  </ItemGroup>
  <ItemGroup>
    <Image Include="res\AnaVision.ico">
      <Filter>Resource Files</Filter>
    </Image>
    <Image Include="res\AnaVisionDoc.ico">
      <Filter>Resource Files</Filter>
    </Image>
    <Image Include="res\ico00001.ico">
      <Filter>Resource Files</Filter>
    </Image>
    <Image Include="res\icon1.ico">
      <Filter>Resource Files</Filter>
    </Image>
    <Image Include="res\icon4.ico">
      <Filter>Resource Files</Filter>
    </Image>
    <Image Include="res\icon5.ico">
      <Filter>Resource Files</Filter>
    </Image>
    <Image Include="res\Toolbar.bmp">
      <Filter>Resource Files</Filter>
    </Image>
  </ItemGroup>
  <ItemGroup>
    <None Include="res\AnaVision.rc2">
      <Filter>Resource Files</Filter>
    </None>
  </ItemGroup>
  <ItemGroup>
    <Text Include="ReadMe.txt" />
  </ItemGroup>
</Project>